
Microsoft Visual Studio Solution File, Format Version 12.00
# Visual Studio Version 16
VisualStudioVersion = 16.0.31424.327
MinimumVisualStudioVersion = 10.0.40219.1
Project("{9A19103F-16F7-4668-BE54-9A1E7A4F7556}") = "Movies.ItAdcademy.CMS", "Movies.ItAdcademy.ge\Movies.ItAdcademy.CMS.csproj", "{22F46F2A-8EDE-4E97-A464-FD804E940CC1}"
EndProject
Project("{9A19103F-16F7-4668-BE54-9A1E7A4F7556}") = "Movies.ItAcademy.Domain", "Movies.ItAcademy.Domain\Movies.ItAcademy.Domain.csproj", "{703EA447-F49F-4527-974D-2568D5526152}"
EndProject
Project("{9A19103F-16F7-4668-BE54-9A1E7A4F7556}") = "Movies.ItAcademy.PersistenceDb", "Movies.ItAcademy.PersistenceDb\Movies.ItAcademy.PersistenceDb.csproj", "{E21E988F-205E-4B0C-8260-E826029D8C2F}"
EndProject
Project("{9A19103F-16F7-4668-BE54-9A1E7A4F7556}") = "Movies.ItAcademy.MVC", "Movies.ItAcademy.MVC\Movies.ItAcademy.MVC.csproj", "{684CB22A-E8F3-4871-A78A-58987E4C95CD}"
EndProject
Project("{FAE04EC0-301F-11D3-BF4B-00C04F79EFBC}") = "Movies.ItAcademy.Services", "Movies.ItAcademy.Services\Movies.ItAcademy.Services.csproj", "{FA273C0D-BB72-4049-9103-B6C90728699C}"
EndProject
Global
	GlobalSection(SolutionConfigurationPlatforms) = preSolution
		Debug|Any CPU = Debug|Any CPU
		Release|Any CPU = Release|Any CPU
	EndGlobalSection
	GlobalSection(ProjectConfigurationPlatforms) = postSolution
		{22F46F2A-8EDE-4E97-A464-FD804E940CC1}.Debug|Any CPU.ActiveCfg = Debug|Any CPU
		{22F46F2A-8EDE-4E97-A464-FD804E940CC1}.Debug|Any CPU.Build.0 = Debug|Any CPU
		{22F46F2A-8EDE-4E97-A464-FD804E940CC1}.Release|Any CPU.ActiveCfg = Release|Any CPU
		{22F46F2A-8EDE-4E97-A464-FD804E940CC1}.Release|Any CPU.Build.0 = Release|Any CPU
		{703EA447-F49F-4527-974D-2568D5526152}.Debug|Any CPU.ActiveCfg = Debug|Any CPU
		{703EA447-F49F-4527-974D-2568D5526152}.Debug|Any CPU.Build.0 = Debug|Any CPU
		{703EA447-F49F-4527-974D-2568D5526152}.Release|Any CPU.ActiveCfg = Release|Any CPU
		{703EA447-F49F-4527-974D-2568D5526152}.Release|Any CPU.Build.0 = Release|Any CPU
		{E21E988F-205E-4B0C-8260-E826029D8C2F}.Debug|Any CPU.ActiveCfg = Debug|Any CPU
		{E21E988F-205E-4B0C-8260-E826029D8C2F}.Debug|Any CPU.Build.0 = Debug|Any CPU
		{E21E988F-205E-4B0C-8260-E826029D8C2F}.Release|Any CPU.ActiveCfg = Release|Any CPU
		{E21E988F-205E-4B0C-8260-E826029D8C2F}.Release|Any CPU.Build.0 = Release|Any CPU
		{684CB22A-E8F3-4871-A78A-58987E4C95CD}.Debug|Any CPU.ActiveCfg = Debug|Any CPU
		{684CB22A-E8F3-4871-A78A-58987E4C95CD}.Debug|Any CPU.Build.0 = Debug|Any CPU
		{684CB22A-E8F3-4871-A78A-58987E4C95CD}.Release|Any CPU.ActiveCfg = Release|Any CPU
		{684CB22A-E8F3-4871-A78A-58987E4C95CD}.Release|Any CPU.Build.0 = Release|Any CPU
		{FA273C0D-BB72-4049-9103-B6C90728699C}.Debug|Any CPU.ActiveCfg = Debug|Any CPU
		{FA273C0D-BB72-4049-9103-B6C90728699C}.Debug|Any CPU.Build.0 = Debug|Any CPU
		{FA273C0D-BB72-4049-9103-B6C90728699C}.Release|Any CPU.ActiveCfg = Release|Any CPU
		{FA273C0D-BB72-4049-9103-B6C90728699C}.Release|Any CPU.Build.0 = Release|Any CPU
	EndGlobalSection
	GlobalSection(SolutionProperties) = preSolution
		HideSolutionNode = FALSE
	EndGlobalSection
	GlobalSection(ExtensibilityGlobals) = postSolution
		SolutionGuid = {A8632B4A-E55B-4C6F-8EF7-3CF9DB6966DF}
	EndGlobalSection
EndGlobal
